
Microsoft Visual Studio Solution File, Format Version 12.00
# Visual Studio Version 17
VisualStudioVersion = 17.14.36221.1 d17.14
MinimumVisualStudioVersion = 10.0.40219.1
Project("{FAE04EC0-301F-11D3-BF4B-00C04F79EFBC}") = "MenuNews.SyncService.RestfulApi", "MenuNews.SyncService.RestfulApi\MenuNews.SyncService.RestfulApi.csproj", "{B8560548-DA5D-4C9F-9DB3-2954119A5315}"
EndProject
Global
	GlobalSection(SolutionConfigurationPlatforms) = preSolution
		Debug|Any CPU = Debug|Any CPU
		Release|Any CPU = Release|Any CPU
	EndGlobalSection
	GlobalSection(ProjectConfigurationPlatforms) = postSolution
		{B8560548-DA5D-4C9F-9DB3-2954119A5315}.Debug|Any CPU.ActiveCfg = Debug|Any CPU
		{B8560548-DA5D-4C9F-9DB3-2954119A5315}.Debug|Any CPU.Build.0 = Debug|Any CPU
		{B8560548-DA5D-4C9F-9DB3-2954119A5315}.Release|Any CPU.ActiveCfg = Release|Any CPU
		{B8560548-DA5D-4C9F-9DB3-2954119A5315}.Release|Any CPU.Build.0 = Release|Any CPU
	EndGlobalSection
	GlobalSection(SolutionProperties) = preSolution
		HideSolutionNode = FALSE
	EndGlobalSection
	GlobalSection(ExtensibilityGlobals) = postSolution
		SolutionGuid = {703EF7EA-2A27-4414-9EB4-DB80178033A7}
	EndGlobalSection
EndGlobal
